
Microsoft Visual Studio Solution File, Format Version 12.00
# Visual Studio Version 16
VisualStudioVersion = 16.0.30215.9
MinimumVisualStudioVersion = 15.0.26124.0
Project("{FAE04EC0-301F-11D3-BF4B-00C04F79EFBC}") = "service", "server\service\service.csproj", "{3291DBA4-2CE3-417A-8BDC-E08F475E78EB}"
EndProject
Project("{9A19103F-16F7-4668-BE54-9A1E7A4F7556}") = "host", "server\host\host.csproj", "{74B65697-0C85-411B-82A6-55EC4F250763}"
EndProject
Project("{9A19103F-16F7-4668-BE54-9A1E7A4F7556}") = "client", "client\client.csproj", "{9FDBA1A2-9171-448E-B285-9F237FE7979E}"
EndProject
Global
	GlobalSection(SolutionConfigurationPlatforms) = preSolution
		Debug|Any CPU = Debug|Any CPU
		Debug|x64 = Debug|x64
		Debug|x86 = Debug|x86
		Release|Any CPU = Release|Any CPU
		Release|x64 = Release|x64
		Release|x86 = Release|x86
	EndGlobalSection
	GlobalSection(ProjectConfigurationPlatforms) = postSolution
		{3291DBA4-2CE3-417A-8BDC-E08F475E78EB}.Debug|Any CPU.ActiveCfg = Debug|Any CPU
		{3291DBA4-2CE3-417A-8BDC-E08F475E78EB}.Debug|Any CPU.Build.0 = Debug|Any CPU
		{3291DBA4-2CE3-417A-8BDC-E08F475E78EB}.Debug|x64.ActiveCfg = Debug|Any CPU
		{3291DBA4-2CE3-417A-8BDC-E08F475E78EB}.Debug|x64.Build.0 = Debug|Any CPU
		{3291DBA4-2CE3-417A-8BDC-E08F475E78EB}.Debug|x86.ActiveCfg = Debug|Any CPU
		{3291DBA4-2CE3-417A-8BDC-E08F475E78EB}.Debug|x86.Build.0 = Debug|Any CPU
		{3291DBA4-2CE3-417A-8BDC-E08F475E78EB}.Release|Any CPU.ActiveCfg = Release|Any CPU
		{3291DBA4-2CE3-417A-8BDC-E08F475E78EB}.Release|Any CPU.Build.0 = Release|Any CPU
		{3291DBA4-2CE3-417A-8BDC-E08F475E78EB}.Release|x64.ActiveCfg = Release|Any CPU
		{3291DBA4-2CE3-417A-8BDC-E08F475E78EB}.Release|x64.Build.0 = Release|Any CPU
		{3291DBA4-2CE3-417A-8BDC-E08F475E78EB}.Release|x86.ActiveCfg = Release|Any CPU
		{3291DBA4-2CE3-417A-8BDC-E08F475E78EB}.Release|x86.Build.0 = Release|Any CPU
		{74B65697-0C85-411B-82A6-55EC4F250763}.Debug|Any CPU.ActiveCfg = Debug|Any CPU
		{74B65697-0C85-411B-82A6-55EC4F250763}.Debug|Any CPU.Build.0 = Debug|Any CPU
		{74B65697-0C85-411B-82A6-55EC4F250763}.Debug|x64.ActiveCfg = Debug|Any CPU
		{74B65697-0C85-411B-82A6-55EC4F250763}.Debug|x64.Build.0 = Debug|Any CPU
		{74B65697-0C85-411B-82A6-55EC4F250763}.Debug|x86.ActiveCfg = Debug|Any CPU
		{74B65697-0C85-411B-82A6-55EC4F250763}.Debug|x86.Build.0 = Debug|Any CPU
		{74B65697-0C85-411B-82A6-55EC4F250763}.Release|Any CPU.ActiveCfg = Release|Any CPU
		{74B65697-0C85-411B-82A6-55EC4F250763}.Release|Any CPU.Build.0 = Release|Any CPU
		{74B65697-0C85-411B-82A6-55EC4F250763}.Release|x64.ActiveCfg = Release|Any CPU
		{74B65697-0C85-411B-82A6-55EC4F250763}.Release|x64.Build.0 = Release|Any CPU
		{74B65697-0C85-411B-82A6-55EC4F250763}.Release|x86.ActiveCfg = Release|Any CPU
		{74B65697-0C85-411B-82A6-55EC4F250763}.Release|x86.Build.0 = Release|Any CPU
		{9FDBA1A2-9171-448E-B285-9F237FE7979E}.Debug|Any CPU.ActiveCfg = Debug|Any CPU
		{9FDBA1A2-9171-448E-B285-9F237FE7979E}.Debug|Any CPU.Build.0 = Debug|Any CPU
		{9FDBA1A2-9171-448E-B285-9F237FE7979E}.Debug|x64.ActiveCfg = Debug|Any CPU
		{9FDBA1A2-9171-448E-B285-9F237FE7979E}.Debug|x64.Build.0 = Debug|Any CPU
		{9FDBA1A2-9171-448E-B285-9F237FE7979E}.Debug|x86.ActiveCfg = Debug|Any CPU
		{9FDBA1A2-9171-448E-B285-9F237FE7979E}.Debug|x86.Build.0 = Debug|Any CPU
		{9FDBA1A2-9171-448E-B285-9F237FE7979E}.Release|Any CPU.ActiveCfg = Release|Any CPU
		{9FDBA1A2-9171-448E-B285-9F237FE7979E}.Release|Any CPU.Build.0 = Release|Any CPU
		{9FDBA1A2-9171-448E-B285-9F237FE7979E}.Release|x64.ActiveCfg = Release|Any CPU
		{9FDBA1A2-9171-448E-B285-9F237FE7979E}.Release|x64.Build.0 = Release|Any CPU
		{9FDBA1A2-9171-448E-B285-9F237FE7979E}.Release|x86.ActiveCfg = Release|Any CPU
		{9FDBA1A2-9171-448E-B285-9F237FE7979E}.Release|x86.Build.0 = Release|Any CPU
	EndGlobalSection
	GlobalSection(SolutionProperties) = preSolution
		HideSolutionNode = FALSE
	EndGlobalSection
	GlobalSection(ExtensibilityGlobals) = postSolution
		SolutionGuid = {4F9896E5-F823-4441-A9BC-67FFE75CD2B1}
	EndGlobalSection
EndGlobal
